
Microsoft Visual Studio Solution File, Format Version 12.00
# Visual Studio Version 17
VisualStudioVersion = 17.2.32630.192
MinimumVisualStudioVersion = 10.0.40219.1
Project("{9A19103F-16F7-4668-BE54-9A1E7A4F7556}") = "Random Image", "src\Random Image.csproj", "{6A3C4A8D-A375-4611-8AEE-2F0BEA9BE50A}"
EndProject
Project("{9A19103F-16F7-4668-BE54-9A1E7A4F7556}") = "Random Image Tests", "tests\Random Image Tests.csproj", "{366F8829-65E7-4AF1-A517-48274F0795F7}"
EndProject
Global
	GlobalSection(SolutionConfigurationPlatforms) = preSolution
		Debug|Any CPU = Debug|Any CPU
		Debug|x86 = Debug|x86
		Release|Any CPU = Release|Any CPU
		Release|x86 = Release|x86
	EndGlobalSection
	GlobalSection(ProjectConfigurationPlatforms) = postSolution
		{6A3C4A8D-A375-4611-8AEE-2F0BEA9BE50A}.Debug|Any CPU.ActiveCfg = Debug|Any CPU
		{6A3C4A8D-A375-4611-8AEE-2F0BEA9BE50A}.Debug|Any CPU.Build.0 = Debug|Any CPU
		{6A3C4A8D-A375-4611-8AEE-2F0BEA9BE50A}.Debug|x86.ActiveCfg = Debug|x86
		{6A3C4A8D-A375-4611-8AEE-2F0BEA9BE50A}.Debug|x86.Build.0 = Debug|x86
		{6A3C4A8D-A375-4611-8AEE-2F0BEA9BE50A}.Release|Any CPU.ActiveCfg = Release|Any CPU
		{6A3C4A8D-A375-4611-8AEE-2F0BEA9BE50A}.Release|Any CPU.Build.0 = Release|Any CPU
		{6A3C4A8D-A375-4611-8AEE-2F0BEA9BE50A}.Release|x86.ActiveCfg = Release|Any CPU
		{6A3C4A8D-A375-4611-8AEE-2F0BEA9BE50A}.Release|x86.Build.0 = Release|Any CPU
		{366F8829-65E7-4AF1-A517-48274F0795F7}.Debug|Any CPU.ActiveCfg = Debug|Any CPU
		{366F8829-65E7-4AF1-A517-48274F0795F7}.Debug|Any CPU.Build.0 = Debug|Any CPU
		{366F8829-65E7-4AF1-A517-48274F0795F7}.Debug|x86.ActiveCfg = Debug|Any CPU
		{366F8829-65E7-4AF1-A517-48274F0795F7}.Debug|x86.Build.0 = Debug|Any CPU
		{366F8829-65E7-4AF1-A517-48274F0795F7}.Release|Any CPU.ActiveCfg = Release|Any CPU
		{366F8829-65E7-4AF1-A517-48274F0795F7}.Release|Any CPU.Build.0 = Release|Any CPU
		{366F8829-65E7-4AF1-A517-48274F0795F7}.Release|x86.ActiveCfg = Release|Any CPU
		{366F8829-65E7-4AF1-A517-48274F0795F7}.Release|x86.Build.0 = Release|Any CPU
	EndGlobalSection
	GlobalSection(SolutionProperties) = preSolution
		HideSolutionNode = FALSE
	EndGlobalSection
	GlobalSection(ExtensibilityGlobals) = postSolution
		SolutionGuid = {27094FCD-5694-418A-BCF8-860B7F1848F4}
	EndGlobalSection
EndGlobal
